
Microsoft Visual Studio Solution File, Format Version 12.00
# Visual Studio Version 16
VisualStudioVersion = 16.0.30114.105
MinimumVisualStudioVersion = 10.0.40219.1
Project("{F2A71F9B-5D33-465A-A702-920D77279786}") = "fs-ts-generation", "src\fs-ts-generation.fsproj", "{DE9A9D9D-DCFC-4B04-A436-E79557DE53E0}"
EndProject
Project("{2150E333-8FDC-42A3-9474-1A3956D46DE8}") = "Solution Items", "Solution Items", "{E0B82CDB-2DAA-4A58-B3B4-4AD72D142F72}"
	ProjectSection(SolutionItems) = preProject
		.gitignore = .gitignore
	EndProjectSection
EndProject
Global
	GlobalSection(SolutionConfigurationPlatforms) = preSolution
		Debug|Any CPU = Debug|Any CPU
		Release|Any CPU = Release|Any CPU
	EndGlobalSection
	GlobalSection(SolutionProperties) = preSolution
		HideSolutionNode = FALSE
	EndGlobalSection
	GlobalSection(ProjectConfigurationPlatforms) = postSolution
		{DE9A9D9D-DCFC-4B04-A436-E79557DE53E0}.Debug|Any CPU.ActiveCfg = Debug|Any CPU
		{DE9A9D9D-DCFC-4B04-A436-E79557DE53E0}.Debug|Any CPU.Build.0 = Debug|Any CPU
		{DE9A9D9D-DCFC-4B04-A436-E79557DE53E0}.Release|Any CPU.ActiveCfg = Release|Any CPU
		{DE9A9D9D-DCFC-4B04-A436-E79557DE53E0}.Release|Any CPU.Build.0 = Release|Any CPU
	EndGlobalSection
EndGlobal
